
Microsoft Visual Studio Solution File, Format Version 12.00
# Visual Studio 14
VisualStudioVersion = 14.0.25420.1
MinimumVisualStudioVersion = 10.0.40219.1
Project("{FAE04EC0-301F-11D3-BF4B-00C04F79EFBC}") = "IS_Project", "IS_Project\IS_Project.csproj", "{209F83E7-5E1C-428F-83CA-E6D165266DDF}"
EndProject
Global
	GlobalSection(SolutionConfigurationPlatforms) = preSolution
		Debug|Any CPU = Debug|Any CPU
		Release|Any CPU = Release|Any CPU
	EndGlobalSection
	GlobalSection(ProjectConfigurationPlatforms) = postSolution
		{209F83E7-5E1C-428F-83CA-E6D165266DDF}.Debug|Any CPU.ActiveCfg = Debug|Any CPU
		{209F83E7-5E1C-428F-83CA-E6D165266DDF}.Debug|Any CPU.Build.0 = Debug|Any CPU
		{209F83E7-5E1C-428F-83CA-E6D165266DDF}.Release|Any CPU.ActiveCfg = Release|Any CPU
		{209F83E7-5E1C-428F-83CA-E6D165266DDF}.Release|Any CPU.Build.0 = Release|Any CPU
	EndGlobalSection
	GlobalSection(SolutionProperties) = preSolution
		HideSolutionNode = FALSE
	EndGlobalSection
EndGlobal
